# This file is @generated by PDM.
# It is not intended for manual editing.

[metadata]
groups = ["default"]
strategy = ["inherit_metadata"]
lock_version = "4.5.0"
content_hash = "sha256:97fece07a8cd06ec789600ab358b800d3907e526081475207468312ee30ef90a"

[[metadata.targets]]
requires_python = ">=3.12.0"
